
Microsoft Visual Studio Solution File, Format Version 12.00
# Visual Studio Version 17
VisualStudioVersion = 17.3.32929.385
MinimumVisualStudioVersion = 10.0.40219.1
Project("{8BC9CEB8-8B4A-11D0-8D11-00A0C91BC942}") = "EasyNT", "src\EasyNT.vcxproj", "{99289994-0B01-4966-BCB5-3203E1891BA1}"
EndProject
Global
	GlobalSection(SolutionConfigurationPlatforms) = preSolution
		Debug|ARM = Debug|ARM
		Debug|ARM64 = Debug|ARM64
		Debug|Win32 = Debug|Win32
		Debug|x64 = Debug|x64
		Release|ARM = Release|ARM
		Release|ARM64 = Release|ARM64
		Release|Win32 = Release|Win32
		Release|x64 = Release|x64
	EndGlobalSection
	GlobalSection(ProjectConfigurationPlatforms) = postSolution
		{99289994-0B01-4966-BCB5-3203E1891BA1}.Debug|ARM.ActiveCfg = Debug|ARM
		{99289994-0B01-4966-BCB5-3203E1891BA1}.Debug|ARM.Build.0 = Debug|ARM
		{99289994-0B01-4966-BCB5-3203E1891BA1}.Debug|ARM64.ActiveCfg = Debug|ARM64
		{99289994-0B01-4966-BCB5-3203E1891BA1}.Debug|ARM64.Build.0 = Debug|ARM64
		{99289994-0B01-4966-BCB5-3203E1891BA1}.Debug|Win32.ActiveCfg = Debug|Win32
		{99289994-0B01-4966-BCB5-3203E1891BA1}.Debug|Win32.Build.0 = Debug|Win32
		{99289994-0B01-4966-BCB5-3203E1891BA1}.Debug|x64.ActiveCfg = Debug|x64
		{99289994-0B01-4966-BCB5-3203E1891BA1}.Debug|x64.Build.0 = Debug|x64
		{99289994-0B01-4966-BCB5-3203E1891BA1}.Release|ARM.ActiveCfg = Release|ARM
		{99289994-0B01-4966-BCB5-3203E1891BA1}.Release|ARM.Build.0 = Release|ARM
		{99289994-0B01-4966-BCB5-3203E1891BA1}.Release|ARM64.ActiveCfg = Release|ARM64
		{99289994-0B01-4966-BCB5-3203E1891BA1}.Release|ARM64.Build.0 = Release|ARM64
		{99289994-0B01-4966-BCB5-3203E1891BA1}.Release|Win32.ActiveCfg = Release|Win32
		{99289994-0B01-4966-BCB5-3203E1891BA1}.Release|Win32.Build.0 = Release|Win32
		{99289994-0B01-4966-BCB5-3203E1891BA1}.Release|x64.ActiveCfg = Release|x64
		{99289994-0B01-4966-BCB5-3203E1891BA1}.Release|x64.Build.0 = Release|x64
	EndGlobalSection
	GlobalSection(SolutionProperties) = preSolution
		HideSolutionNode = FALSE
	EndGlobalSection
	GlobalSection(ExtensibilityGlobals) = postSolution
		SolutionGuid = {CD59B023-F2EA-470B-9C50-D359B3B30B7A}
	EndGlobalSection
EndGlobal
