<?xml version="1.0" encoding="utf-8"?>
<Project ToolsVersion="4.0" xmlns="http://schemas.microsoft.com/developer/msbuild/2003">
  <ItemGroup>
    <Filter Include="Source Files">
      <UniqueIdentifier>{4FC737F1-C7A5-4376-A066-2A32D752A2FF}</UniqueIdentifier>
      <Extensions>cpp;c;cc;cxx;def;odl;idl;hpj;bat;asm;asmx</Extensions>
    </Filter>
    <Filter Include="Header Files">
      <UniqueIdentifier>{93995380-89BD-4b04-88EB-625FBE52EBFB}</UniqueIdentifier>
      <Extensions>h;hpp;hxx;hm;inl;inc;xsd</Extensions>
    </Filter>
    <Filter Include="Resource Files">
      <UniqueIdentifier>{67DA6AB6-F800-4c08-8B7A-83BB121AAD01}</UniqueIdentifier>
      <Extensions>rc;ico;cur;bmp;dlg;rc2;rct;bin;rgs;gif;jpg;jpeg;jpe;resx;tiff;tif;png;wav;mfcribbon-ms</Extensions>
    </Filter>
    <Filter Include="Header Files\Extensions">
      <UniqueIdentifier>{bb59e021-8392-4dd2-b0e8-d29d85472933}</UniqueIdentifier>
    </Filter>
    <Filter Include="Source Files\Extensions">
      <UniqueIdentifier>{10b6e31e-2dc5-4e85-aa1d-c5cd11b6dd50}</UniqueIdentifier>
    </Filter>
    <Filter Include="Header Files\Managers">
      <UniqueIdentifier>{0238236c-7dd9-4eab-af19-952c8bc138b4}</UniqueIdentifier>
    </Filter>
    <Filter Include="Source Files\Managers">
      <UniqueIdentifier>{4dec4515-f9f3-4d19-b4a8-0c20c1855538}</UniqueIdentifier>
    </Filter>
  </ItemGroup>
  <ItemGroup>
    <ClInclude Include="Headers\EasyNT.h">
      <Filter>Header Files</Filter>
    </ClInclude>
    <ClInclude Include="Headers\Extensions\StringExtensions.hpp">
      <Filter>Header Files\Extensions</Filter>
    </ClInclude>
    <ClInclude Include="Headers\Extensions\PointerExtensions.hpp">
      <Filter>Header Files\Extensions</Filter>
    </ClInclude>
    <ClInclude Include="Headers\Extensions\VersionExtensions.hpp">
      <Filter>Header Files\Extensions</Filter>
    </ClInclude>
    <ClInclude Include="Headers\Extensions\TimeExtensions.hpp">
      <Filter>Header Files\Extensions</Filter>
    </ClInclude>
    <ClInclude Include="Headers\Extensions\ThreadExtensions.hpp">
      <Filter>Header Files\Extensions</Filter>
    </ClInclude>
    <ClInclude Include="Headers\Extensions\ArrayExtensions.hpp">
      <Filter>Header Files\Extensions</Filter>
    </ClInclude>
    <ClInclude Include="Headers\Extensions\RandomExtension.hpp">
      <Filter>Header Files\Extensions</Filter>
    </ClInclude>
    <ClInclude Include="Headers\Extensions\ProcessExtensions.hpp">
      <Filter>Header Files\Extensions</Filter>
    </ClInclude>
    <ClInclude Include="Headers\Extensions\ModuleExtensions.hpp">
      <Filter>Header Files\Extensions</Filter>
    </ClInclude>
    <ClInclude Include="Headers\Extensions\MemoryExtensions.hpp">
      <Filter>Header Files\Extensions</Filter>
    </ClInclude>
    <ClInclude Include="Headers\Managers\MemoryManager.hpp">
      <Filter>Header Files\Managers</Filter>
    </ClInclude>
    <ClInclude Include="Headers\Extensions\DeviceExtensions.hpp">
      <Filter>Header Files\Extensions</Filter>
    </ClInclude>
    <ClInclude Include="Headers\Extensions\DriverExtensions.hpp">
      <Filter>Header Files\Extensions</Filter>
    </ClInclude>
    <ClInclude Include="Headers\Extensions\InterfaceExtensions.hpp">
      <Filter>Header Files\Extensions</Filter>
    </ClInclude>
    <ClInclude Include="Headers\Extensions\FileExtensions.hpp">
      <Filter>Header Files\Extensions</Filter>
    </ClInclude>
    <ClInclude Include="Headers\EasyNTAPI.h">
      <Filter>Header Files</Filter>
    </ClInclude>
    <ClInclude Include="Headers\Extensions\ScanExtensions.hpp">
      <Filter>Header Files\Extensions</Filter>
    </ClInclude>
    <ClInclude Include="Headers\Extensions\ConversionExtensions.hpp">
      <Filter>Header Files\Extensions</Filter>
    </ClInclude>
    <ClInclude Include="Headers\Extensions\PhysicalMemoryExtensions.hpp">
      <Filter>Header Files\Extensions</Filter>
    </ClInclude>
  </ItemGroup>
  <ItemGroup>
    <ClCompile Include="Sources\EasyNT.cpp">
      <Filter>Source Files</Filter>
    </ClCompile>
    <ClCompile Include="Sources\Extensions\StringExtensions.cpp">
      <Filter>Source Files\Extensions</Filter>
    </ClCompile>
    <ClCompile Include="Sources\Extensions\VersionExtensions.cpp">
      <Filter>Source Files\Extensions</Filter>
    </ClCompile>
    <ClCompile Include="Sources\Extensions\TimeExtensions.cpp">
      <Filter>Source Files\Extensions</Filter>
    </ClCompile>
    <ClCompile Include="Sources\Extensions\ThreadExtensions.cpp">
      <Filter>Source Files\Extensions</Filter>
    </ClCompile>
    <ClCompile Include="Sources\Extensions\ArrayExtensions.cpp">
      <Filter>Source Files\Extensions</Filter>
    </ClCompile>
    <ClCompile Include="Sources\Extensions\RandomExtensions.cpp">
      <Filter>Source Files\Extensions</Filter>
    </ClCompile>
    <ClCompile Include="Sources\Extensions\ProcessExtensions.cpp">
      <Filter>Source Files\Extensions</Filter>
    </ClCompile>
    <ClCompile Include="Sources\Extensions\ModuleExtensions.cpp">
      <Filter>Source Files\Extensions</Filter>
    </ClCompile>
    <ClCompile Include="Sources\Extensions\MemoryExtensions.cpp">
      <Filter>Source Files\Extensions</Filter>
    </ClCompile>
    <ClCompile Include="Sources\Managers\MemoryManager.cpp">
      <Filter>Source Files\Managers</Filter>
    </ClCompile>
    <ClCompile Include="Sources\Extensions\DeviceExtensions.cpp">
      <Filter>Source Files\Extensions</Filter>
    </ClCompile>
    <ClCompile Include="Sources\Extensions\DriverExtensions.cpp">
      <Filter>Source Files\Extensions</Filter>
    </ClCompile>
    <ClCompile Include="Sources\Extensions\InterfaceExtensions.cpp">
      <Filter>Source Files\Extensions</Filter>
    </ClCompile>
    <ClCompile Include="Sources\Extensions\ScanExtensions.cpp">
      <Filter>Source Files\Extensions</Filter>
    </ClCompile>
    <ClCompile Include="Sources\Extensions\ConversionExtensions.cpp">
      <Filter>Source Files\Extensions</Filter>
    </ClCompile>
    <ClCompile Include="Sources\Extensions\PointerExtensions.cpp">
      <Filter>Source Files\Extensions</Filter>
    </ClCompile>
    <ClCompile Include="Sources\Extensions\FileExtensions.cpp">
      <Filter>Source Files\Extensions</Filter>
    </ClCompile>
    <ClCompile Include="Sources\Extensions\PhysicalMemoryExtensions.cpp">
      <Filter>Source Files\Extensions</Filter>
    </ClCompile>
  </ItemGroup>
</Project>